
Microsoft Visual Studio Solution File, Format Version 12.00
# Visual Studio 15
VisualStudioVersion = 15.0.27130.2024
MinimumVisualStudioVersion = 10.0.40219.1
Project("{2150E333-8FDC-42A3-9474-1A3956D46DE8}") = "Chapter04", "Chapter04", "{83E4C2CE-DD24-45E9-983D-58B01228443A}"
EndProject
Project("{8BC9CEB8-8B4A-11D0-8D11-00A0C91BC942}") = "CpuLimit", "CpuLimit\CpuLimit.vcxproj", "{F7D2B649-461F-4A38-822B-CFC096D736BE}"
EndProject
Project("{2150E333-8FDC-42A3-9474-1A3956D46DE8}") = "Solution Items", "Solution Items", "{54A311CE-577E-4C2A-9669-E6852C3E14A7}"
	ProjectSection(SolutionItems) = preProject
		..\README.md = ..\README.md
	EndProjectSection
EndProject
Project("{2150E333-8FDC-42A3-9474-1A3956D46DE8}") = "Chapter06", "Chapter06", "{F8EE31A8-A168-4D8C-8B45-16C8F01ADA44}"
EndProject
Project("{8BC9CEB8-8B4A-11D0-8D11-00A0C91BC942}") = "IoPriority", "IoPriority\IoPriority.vcxproj", "{87D1D633-2125-418B-8F5C-FC6FD84A2CF3}"
EndProject
Project("{2150E333-8FDC-42A3-9474-1A3956D46DE8}") = "Chapter02", "Chapter02", "{175C8A5F-C3D2-4024-BB1F-7FCE2F285080}"
EndProject
Project("{8BC9CEB8-8B4A-11D0-8D11-00A0C91BC942}") = "SlPolicy", "SlPolicy\SlPolicy.vcxproj", "{C315E5EA-B292-45E6-BFFF-C92C48412030}"
EndProject
Project("{8BC9CEB8-8B4A-11D0-8D11-00A0C91BC942}") = "CpuSet", "CpuSet\CpuSet.vcxproj", "{86CCF6A7-3B28-4197-BC36-A8456A422695}"
EndProject
Project("{2150E333-8FDC-42A3-9474-1A3956D46DE8}") = "Chapter07", "Chapter07", "{8832CADD-82A2-4129-9595-3A4B6EEB1D7F}"
EndProject
Project("{8BC9CEB8-8B4A-11D0-8D11-00A0C91BC942}") = "CPlist", "CPlist\CPlist.vcxproj", "{BA4AD343-6096-45A8-868E-3D56316F62FF}"
EndProject
Project("{8BC9CEB8-8B4A-11D0-8D11-00A0C91BC942}") = "UwpList", "UwpList\UwpList.vcxproj", "{616F6D2F-29E2-40B0-BB28-00BED735FB03}"
EndProject
Project("{2150E333-8FDC-42A3-9474-1A3956D46DE8}") = "Chapter05", "Chapter05", "{C3EFEE31-DD3B-4A28-B916-3B957FBC0ED4}"
EndProject
Project("{8BC9CEB8-8B4A-11D0-8D11-00A0C91BC942}") = "MemCombine", "MemCombine\MemCombine.vcxproj", "{6502E3AD-8D8E-4F1A-923C-0F4F89FF02E7}"
EndProject
Project("{8BC9CEB8-8B4A-11D0-8D11-00A0C91BC942}") = "CPUSTRES", "CPUSTRES\CPUStressEx.vcxproj", "{DC1EF85A-8628-457A-A805-49CCC97DF5BF}"
EndProject
Project("{8BC9CEB8-8B4A-11D0-8D11-00A0C91BC942}") = "MemInfo", "MemInfo\MemInfo.vcxproj", "{16F75DDC-C948-4B85-AB05-CD1818552852}"
EndProject
Project("{8BC9CEB8-8B4A-11D0-8D11-00A0C91BC942}") = "MemCombineTest", "MemCombineTest\MemCombineTest.vcxproj", "{18F9F4A2-B589-42E9-84E1-09779FA452D6}"
EndProject
Project("{2150E333-8FDC-42A3-9474-1A3956D46DE8}") = "Chapter03", "Chapter03", "{DB98AF4F-4CA3-4DEC-91E2-D4D637309E20}"
EndProject
Project("{8BC9CEB8-8B4A-11D0-8D11-00A0C91BC942}") = "APISetMap", "APISetMap\APISetMap.vcxproj", "{65C86BCE-8C65-458E-954F-7447FD20D784}"
EndProject
Project("{8BC9CEB8-8B4A-11D0-8D11-00A0C91BC942}") = "MemLimit", "MemLimit\MemLimit.vcxproj", "{6B2A406F-1B38-4964-A728-B299AD451202}"
EndProject
Global
	GlobalSection(SolutionConfigurationPlatforms) = preSolution
		Debug|x64 = Debug|x64
		Debug|x86 = Debug|x86
		Release|x64 = Release|x64
		Release|x86 = Release|x86
	EndGlobalSection
	GlobalSection(ProjectConfigurationPlatforms) = postSolution
		{F7D2B649-461F-4A38-822B-CFC096D736BE}.Debug|x64.ActiveCfg = Debug|x64
		{F7D2B649-461F-4A38-822B-CFC096D736BE}.Debug|x64.Build.0 = Debug|x64
		{F7D2B649-461F-4A38-822B-CFC096D736BE}.Debug|x86.ActiveCfg = Debug|Win32
		{F7D2B649-461F-4A38-822B-CFC096D736BE}.Debug|x86.Build.0 = Debug|Win32
		{F7D2B649-461F-4A38-822B-CFC096D736BE}.Release|x64.ActiveCfg = Release|x64
		{F7D2B649-461F-4A38-822B-CFC096D736BE}.Release|x64.Build.0 = Release|x64
		{F7D2B649-461F-4A38-822B-CFC096D736BE}.Release|x86.ActiveCfg = Release|Win32
		{F7D2B649-461F-4A38-822B-CFC096D736BE}.Release|x86.Build.0 = Release|Win32
		{87D1D633-2125-418B-8F5C-FC6FD84A2CF3}.Debug|x64.ActiveCfg = Debug|x64
		{87D1D633-2125-418B-8F5C-FC6FD84A2CF3}.Debug|x64.Build.0 = Debug|x64
		{87D1D633-2125-418B-8F5C-FC6FD84A2CF3}.Debug|x86.ActiveCfg = Debug|Win32
		{87D1D633-2125-418B-8F5C-FC6FD84A2CF3}.Debug|x86.Build.0 = Debug|Win32
		{87D1D633-2125-418B-8F5C-FC6FD84A2CF3}.Release|x64.ActiveCfg = Release|x64
		{87D1D633-2125-418B-8F5C-FC6FD84A2CF3}.Release|x64.Build.0 = Release|x64
		{87D1D633-2125-418B-8F5C-FC6FD84A2CF3}.Release|x86.ActiveCfg = Release|Win32
		{87D1D633-2125-418B-8F5C-FC6FD84A2CF3}.Release|x86.Build.0 = Release|Win32
		{C315E5EA-B292-45E6-BFFF-C92C48412030}.Debug|x64.ActiveCfg = Debug|x64
		{C315E5EA-B292-45E6-BFFF-C92C48412030}.Debug|x64.Build.0 = Debug|x64
		{C315E5EA-B292-45E6-BFFF-C92C48412030}.Debug|x86.ActiveCfg = Debug|Win32
		{C315E5EA-B292-45E6-BFFF-C92C48412030}.Debug|x86.Build.0 = Debug|Win32
		{C315E5EA-B292-45E6-BFFF-C92C48412030}.Release|x64.ActiveCfg = Release|x64
		{C315E5EA-B292-45E6-BFFF-C92C48412030}.Release|x64.Build.0 = Release|x64
		{C315E5EA-B292-45E6-BFFF-C92C48412030}.Release|x86.ActiveCfg = Release|Win32
		{C315E5EA-B292-45E6-BFFF-C92C48412030}.Release|x86.Build.0 = Release|Win32
		{86CCF6A7-3B28-4197-BC36-A8456A422695}.Debug|x64.ActiveCfg = Debug|x64
		{86CCF6A7-3B28-4197-BC36-A8456A422695}.Debug|x64.Build.0 = Debug|x64
		{86CCF6A7-3B28-4197-BC36-A8456A422695}.Debug|x86.ActiveCfg = Debug|Win32
		{86CCF6A7-3B28-4197-BC36-A8456A422695}.Debug|x86.Build.0 = Debug|Win32
		{86CCF6A7-3B28-4197-BC36-A8456A422695}.Release|x64.ActiveCfg = Release|x64
		{86CCF6A7-3B28-4197-BC36-A8456A422695}.Release|x64.Build.0 = Release|x64
		{86CCF6A7-3B28-4197-BC36-A8456A422695}.Release|x86.ActiveCfg = Release|Win32
		{86CCF6A7-3B28-4197-BC36-A8456A422695}.Release|x86.Build.0 = Release|Win32
		{BA4AD343-6096-45A8-868E-3D56316F62FF}.Debug|x64.ActiveCfg = Debug|x64
		{BA4AD343-6096-45A8-868E-3D56316F62FF}.Debug|x64.Build.0 = Debug|x64
		{BA4AD343-6096-45A8-868E-3D56316F62FF}.Debug|x86.ActiveCfg = Debug|Win32
		{BA4AD343-6096-45A8-868E-3D56316F62FF}.Debug|x86.Build.0 = Debug|Win32
		{BA4AD343-6096-45A8-868E-3D56316F62FF}.Release|x64.ActiveCfg = Release|x64
		{BA4AD343-6096-45A8-868E-3D56316F62FF}.Release|x64.Build.0 = Release|x64
		{BA4AD343-6096-45A8-868E-3D56316F62FF}.Release|x86.ActiveCfg = Release|Win32
		{BA4AD343-6096-45A8-868E-3D56316F62FF}.Release|x86.Build.0 = Release|Win32
		{616F6D2F-29E2-40B0-BB28-00BED735FB03}.Debug|x64.ActiveCfg = Debug|x64
		{616F6D2F-29E2-40B0-BB28-00BED735FB03}.Debug|x64.Build.0 = Debug|x64
		{616F6D2F-29E2-40B0-BB28-00BED735FB03}.Debug|x86.ActiveCfg = Debug|Win32
		{616F6D2F-29E2-40B0-BB28-00BED735FB03}.Debug|x86.Build.0 = Debug|Win32
		{616F6D2F-29E2-40B0-BB28-00BED735FB03}.Release|x64.ActiveCfg = Release|x64
		{616F6D2F-29E2-40B0-BB28-00BED735FB03}.Release|x64.Build.0 = Release|x64
		{616F6D2F-29E2-40B0-BB28-00BED735FB03}.Release|x86.ActiveCfg = Release|Win32
		{616F6D2F-29E2-40B0-BB28-00BED735FB03}.Release|x86.Build.0 = Release|Win32
		{6502E3AD-8D8E-4F1A-923C-0F4F89FF02E7}.Debug|x64.ActiveCfg = Debug|x64
		{6502E3AD-8D8E-4F1A-923C-0F4F89FF02E7}.Debug|x64.Build.0 = Debug|x64
		{6502E3AD-8D8E-4F1A-923C-0F4F89FF02E7}.Debug|x86.ActiveCfg = Debug|Win32
		{6502E3AD-8D8E-4F1A-923C-0F4F89FF02E7}.Debug|x86.Build.0 = Debug|Win32
		{6502E3AD-8D8E-4F1A-923C-0F4F89FF02E7}.Release|x64.ActiveCfg = Release|x64
		{6502E3AD-8D8E-4F1A-923C-0F4F89FF02E7}.Release|x64.Build.0 = Release|x64
		{6502E3AD-8D8E-4F1A-923C-0F4F89FF02E7}.Release|x86.ActiveCfg = Release|Win32
		{6502E3AD-8D8E-4F1A-923C-0F4F89FF02E7}.Release|x86.Build.0 = Release|Win32
		{DC1EF85A-8628-457A-A805-49CCC97DF5BF}.Debug|x64.ActiveCfg = Debug|x64
		{DC1EF85A-8628-457A-A805-49CCC97DF5BF}.Debug|x64.Build.0 = Debug|x64
		{DC1EF85A-8628-457A-A805-49CCC97DF5BF}.Debug|x86.ActiveCfg = Debug|Win32
		{DC1EF85A-8628-457A-A805-49CCC97DF5BF}.Debug|x86.Build.0 = Debug|Win32
		{DC1EF85A-8628-457A-A805-49CCC97DF5BF}.Release|x64.ActiveCfg = Release|x64
		{DC1EF85A-8628-457A-A805-49CCC97DF5BF}.Release|x64.Build.0 = Release|x64
		{DC1EF85A-8628-457A-A805-49CCC97DF5BF}.Release|x86.ActiveCfg = Release|Win32
		{DC1EF85A-8628-457A-A805-49CCC97DF5BF}.Release|x86.Build.0 = Release|Win32
		{16F75DDC-C948-4B85-AB05-CD1818552852}.Debug|x64.ActiveCfg = Debug|x64
		{16F75DDC-C948-4B85-AB05-CD1818552852}.Debug|x64.Build.0 = Debug|x64
		{16F75DDC-C948-4B85-AB05-CD1818552852}.Debug|x86.ActiveCfg = Debug|Win32
		{16F75DDC-C948-4B85-AB05-CD1818552852}.Debug|x86.Build.0 = Debug|Win32
		{16F75DDC-C948-4B85-AB05-CD1818552852}.Release|x64.ActiveCfg = Release|x64
		{16F75DDC-C948-4B85-AB05-CD1818552852}.Release|x64.Build.0 = Release|x64
		{16F75DDC-C948-4B85-AB05-CD1818552852}.Release|x86.ActiveCfg = Release|Win32
		{16F75DDC-C948-4B85-AB05-CD1818552852}.Release|x86.Build.0 = Release|Win32
		{18F9F4A2-B589-42E9-84E1-09779FA452D6}.Debug|x64.ActiveCfg = Debug|x64
		{18F9F4A2-B589-42E9-84E1-09779FA452D6}.Debug|x64.Build.0 = Debug|x64
		{18F9F4A2-B589-42E9-84E1-09779FA452D6}.Debug|x86.ActiveCfg = Debug|Win32
		{18F9F4A2-B589-42E9-84E1-09779FA452D6}.Debug|x86.Build.0 = Debug|Win32
		{18F9F4A2-B589-42E9-84E1-09779FA452D6}.Release|x64.ActiveCfg = Release|x64
		{18F9F4A2-B589-42E9-84E1-09779FA452D6}.Release|x64.Build.0 = Release|x64
		{18F9F4A2-B589-42E9-84E1-09779FA452D6}.Release|x86.ActiveCfg = Release|Win32
		{18F9F4A2-B589-42E9-84E1-09779FA452D6}.Release|x86.Build.0 = Release|Win32
		{65C86BCE-8C65-458E-954F-7447FD20D784}.Debug|x64.ActiveCfg = Debug|x64
		{65C86BCE-8C65-458E-954F-7447FD20D784}.Debug|x64.Build.0 = Debug|x64
		{65C86BCE-8C65-458E-954F-7447FD20D784}.Debug|x86.ActiveCfg = Debug|Win32
		{65C86BCE-8C65-458E-954F-7447FD20D784}.Debug|x86.Build.0 = Debug|Win32
		{65C86BCE-8C65-458E-954F-7447FD20D784}.Release|x64.ActiveCfg = Release|x64
		{65C86BCE-8C65-458E-954F-7447FD20D784}.Release|x64.Build.0 = Release|x64
		{65C86BCE-8C65-458E-954F-7447FD20D784}.Release|x86.ActiveCfg = Release|Win32
		{65C86BCE-8C65-458E-954F-7447FD20D784}.Release|x86.Build.0 = Release|Win32
		{6B2A406F-1B38-4964-A728-B299AD451202}.Debug|x64.ActiveCfg = Debug|x64
		{6B2A406F-1B38-4964-A728-B299AD451202}.Debug|x86.ActiveCfg = Debug|Win32
		{6B2A406F-1B38-4964-A728-B299AD451202}.Debug|x86.Build.0 = Debug|Win32
		{6B2A406F-1B38-4964-A728-B299AD451202}.Release|x64.ActiveCfg = Release|x64
		{6B2A406F-1B38-4964-A728-B299AD451202}.Release|x86.ActiveCfg = Release|Win32
		{6B2A406F-1B38-4964-A728-B299AD451202}.Release|x86.Build.0 = Release|Win32
	EndGlobalSection
	GlobalSection(SolutionProperties) = preSolution
		HideSolutionNode = FALSE
	EndGlobalSection
	GlobalSection(NestedProjects) = preSolution
		{F7D2B649-461F-4A38-822B-CFC096D736BE} = {83E4C2CE-DD24-45E9-983D-58B01228443A}
		{87D1D633-2125-418B-8F5C-FC6FD84A2CF3} = {F8EE31A8-A168-4D8C-8B45-16C8F01ADA44}
		{C315E5EA-B292-45E6-BFFF-C92C48412030} = {175C8A5F-C3D2-4024-BB1F-7FCE2F285080}
		{86CCF6A7-3B28-4197-BC36-A8456A422695} = {83E4C2CE-DD24-45E9-983D-58B01228443A}
		{BA4AD343-6096-45A8-868E-3D56316F62FF} = {8832CADD-82A2-4129-9595-3A4B6EEB1D7F}
		{616F6D2F-29E2-40B0-BB28-00BED735FB03} = {8832CADD-82A2-4129-9595-3A4B6EEB1D7F}
		{6502E3AD-8D8E-4F1A-923C-0F4F89FF02E7} = {C3EFEE31-DD3B-4A28-B916-3B957FBC0ED4}
		{DC1EF85A-8628-457A-A805-49CCC97DF5BF} = {83E4C2CE-DD24-45E9-983D-58B01228443A}
		{16F75DDC-C948-4B85-AB05-CD1818552852} = {C3EFEE31-DD3B-4A28-B916-3B957FBC0ED4}
		{18F9F4A2-B589-42E9-84E1-09779FA452D6} = {C3EFEE31-DD3B-4A28-B916-3B957FBC0ED4}
		{65C86BCE-8C65-458E-954F-7447FD20D784} = {DB98AF4F-4CA3-4DEC-91E2-D4D637309E20}
		{6B2A406F-1B38-4964-A728-B299AD451202} = {C3EFEE31-DD3B-4A28-B916-3B957FBC0ED4}
	EndGlobalSection
	GlobalSection(ExtensibilityGlobals) = postSolution
		SolutionGuid = {A393C2CC-7509-4357-AA8F-AB7C22BEFF33}
	EndGlobalSection
EndGlobal
